
Microsoft Visual Studio Solution File, Format Version 12.00
# Visual Studio Version 16
VisualStudioVersion = 16.0.30907.101
MinimumVisualStudioVersion = 10.0.40219.1
Project("{FAE04EC0-301F-11D3-BF4B-00C04F79EFBC}") = "Programmering .NET Uppgift", "Programmering .NET Uppgift\Programmering .NET Uppgift.csproj", "{D1790F21-C082-41C2-A1FB-832C84BD78C4}"
EndProject
Global
	GlobalSection(SolutionConfigurationPlatforms) = preSolution
		Debug|Any CPU = Debug|Any CPU
		Release|Any CPU = Release|Any CPU
	EndGlobalSection
	GlobalSection(ProjectConfigurationPlatforms) = postSolution
		{D1790F21-C082-41C2-A1FB-832C84BD78C4}.Debug|Any CPU.ActiveCfg = Debug|Any CPU
		{D1790F21-C082-41C2-A1FB-832C84BD78C4}.Debug|Any CPU.Build.0 = Debug|Any CPU
		{D1790F21-C082-41C2-A1FB-832C84BD78C4}.Release|Any CPU.ActiveCfg = Release|Any CPU
		{D1790F21-C082-41C2-A1FB-832C84BD78C4}.Release|Any CPU.Build.0 = Release|Any CPU
	EndGlobalSection
	GlobalSection(SolutionProperties) = preSolution
		HideSolutionNode = FALSE
	EndGlobalSection
	GlobalSection(ExtensibilityGlobals) = postSolution
		SolutionGuid = {F8D46746-35A0-47B3-A5C1-A3DA9395C9ED}
	EndGlobalSection
EndGlobal
